
Microsoft Visual Studio Solution File, Format Version 12.00
Project("{FAE04EC0-301F-11D3-BF4B-00C04F79EFBC}") = "PowerupSystem", "PowerupSystem\PowerupSystem.csproj", "{1DC0C2D4-20B4-4B93-9337-BCC23AEE142F}"
EndProject
Global
	GlobalSection(SolutionConfigurationPlatforms) = preSolution
		Debug|Any CPU = Debug|Any CPU
		Release|Any CPU = Release|Any CPU
	EndGlobalSection
	GlobalSection(ProjectConfigurationPlatforms) = postSolution
		{1DC0C2D4-20B4-4B93-9337-BCC23AEE142F}.Debug|Any CPU.ActiveCfg = Debug|Any CPU
		{1DC0C2D4-20B4-4B93-9337-BCC23AEE142F}.Debug|Any CPU.Build.0 = Debug|Any CPU
		{1DC0C2D4-20B4-4B93-9337-BCC23AEE142F}.Release|Any CPU.ActiveCfg = Release|Any CPU
		{1DC0C2D4-20B4-4B93-9337-BCC23AEE142F}.Release|Any CPU.Build.0 = Release|Any CPU
	EndGlobalSection
EndGlobal
